// !$*UTF8*$!
{
	archiveVersion = 1;
	classes = {
	};
	objectVersion = 46;
	objects = {

/* Begin PBXBuildFile section */
		2DC17028720FEEC25ABF1EBF /* BOStrokeOverlayView.m in Sources */ = {isa = PBXBuildFile; fileRef = 2DC17F9B613B837A459A9F3D /* BOStrokeOverlayView.m */; };
		2DC1723A22D9DA350B883C40 /* BORasterElement.m in Sources */ = {isa = PBXBuildFile; fileRef = 2DC17955BCBA884F6404405D /* BORasterElement.m */; };
		2DC1740EC4393DC5369640BD /* BOStrokeOverlay.m in Sources */ = {isa = PBXBuildFile; fileRef = 2DC171E3DC267CD20277D13C /* BOStrokeOverlay.m */; };
		2DC17A11375AA373AABAFB19 /* BOStroke.m in Sources */ = {isa = PBXBuildFile; fileRef = 2DC17C3E42CF3BB87B38E8E1 /* BOStroke.m */; };
		2DC17B66D89B0D99EED13F9E /* BORasterParameters.m in Sources */ = {isa = PBXBuildFile; fileRef = 2DC1737B70A1D333520E7F63 /* BORasterParameters.m */; };
		2DC17E73677F602B7CC519D3 /* BOMapViewDelegate.m in Sources */ = {isa = PBXBuildFile; fileRef = 2DC17575F2563705146FCDE3 /* BOMapViewDelegate.m */; };
		A93B06381633001F007AB25A /* UIKit.framework in Frameworks */ = {isa = PBXBuildFile; fileRef = A93B06371633001F007AB25A /* UIKit.framework */; };
		A93B063A1633001F007AB25A /* Foundation.framework in Frameworks */ = {isa = PBXBuildFile; fileRef = A93B06391633001F007AB25A /* Foundation.framework */; };
		A93B063C1633001F007AB25A /* CoreGraphics.framework in Frameworks */ = {isa = PBXBuildFile; fileRef = A93B063B1633001F007AB25A /* CoreGraphics.framework */; };
		A93B06421633001F007AB25A /* InfoPlist.strings in Resources */ = {isa = PBXBuildFile; fileRef = A93B06401633001F007AB25A /* InfoPlist.strings */; };
		A93B06441633001F007AB25A /* main.m in Sources */ = {isa = PBXBuildFile; fileRef = A93B06431633001F007AB25A /* main.m */; };
		A93B06481633001F007AB25A /* BOAppDelegate.m in Sources */ = {isa = PBXBuildFile; fileRef = A93B06471633001F007AB25A /* BOAppDelegate.m */; };
		A93B064A1633001F007AB25A /* Default.png in Resources */ = {isa = PBXBuildFile; fileRef = A93B06491633001F007AB25A /* Default.png */; };
		A93B064C1633001F007AB25A /* Default@2x.png in Resources */ = {isa = PBXBuildFile; fileRef = A93B064B1633001F007AB25A /* Default@2x.png */; };
		A93B064E1633001F007AB25A /* Default-568h@2x.png in Resources */ = {isa = PBXBuildFile; fileRef = A93B064D1633001F007AB25A /* Default-568h@2x.png */; };
		A93B06561633001F007AB25A /* SenTestingKit.framework in Frameworks */ = {isa = PBXBuildFile; fileRef = A93B06551633001F007AB25A /* SenTestingKit.framework */; };
		A93B06571633001F007AB25A /* UIKit.framework in Frameworks */ = {isa = PBXBuildFile; fileRef = A93B06371633001F007AB25A /* UIKit.framework */; };
		A93B06581633001F007AB25A /* Foundation.framework in Frameworks */ = {isa = PBXBuildFile; fileRef = A93B06391633001F007AB25A /* Foundation.framework */; };
		A93B06601633001F007AB25A /* InfoPlist.strings in Resources */ = {isa = PBXBuildFile; fileRef = A93B065E1633001F007AB25A /* InfoPlist.strings */; };
		A93B06631633001F007AB25A /* viewerTests.m in Sources */ = {isa = PBXBuildFile; fileRef = A93B06621633001F007AB25A /* viewerTests.m */; };
		A93B066D1633018C007AB25A /* MapKit.framework in Frameworks */ = {isa = PBXBuildFile; fileRef = A93B066C1633018C007AB25A /* MapKit.framework */; };
		A93B066F16330195007AB25A /* CoreLocation.framework in Frameworks */ = {isa = PBXBuildFile; fileRef = A93B066E16330195007AB25A /* CoreLocation.framework */; };
		A95CBB6D1634838D0052BE53 /* Viewer.storyboard in Resources */ = {isa = PBXBuildFile; fileRef = A95CBB6C1634838D0052BE53 /* Viewer.storyboard */; };
		A95CBBBD1634871A0052BE53 /* BOViewController.m in Sources */ = {isa = PBXBuildFile; fileRef = A95CBBBC1634871A0052BE53 /* BOViewController.m */; };
		A9EBEDC51637E16800EB1167 /* BOJsonRpcClient.m in Sources */ = {isa = PBXBuildFile; fileRef = A9EBEDC41637E16800EB1167 /* BOJsonRpcClient.m */; };
/* End PBXBuildFile section */

/* Begin PBXContainerItemProxy section */
		A93B06591633001F007AB25A /* PBXContainerItemProxy */ = {
			isa = PBXContainerItemProxy;
			containerPortal = A93B062A1633001F007AB25A /* Project object */;
			proxyType = 1;
			remoteGlobalIDString = A93B06321633001F007AB25A;
			remoteInfo = viewer;
		};
/* End PBXContainerItemProxy section */

/* Begin PBXFileReference section */
		2DC171E3DC267CD20277D13C /* BOStrokeOverlay.m */ = {isa = PBXFileReference; fileEncoding = 4; lastKnownFileType = sourcecode.c.objc; path = BOStrokeOverlay.m; sourceTree = "<group>"; };
		2DC171F62D565F93264D4D1A /* BOStrokeOverlayView.h */ = {isa = PBXFileReference; fileEncoding = 4; lastKnownFileType = sourcecode.c.h; path = BOStrokeOverlayView.h; sourceTree = "<group>"; };
		2DC1737B70A1D333520E7F63 /* BORasterParameters.m */ = {isa = PBXFileReference; fileEncoding = 4; lastKnownFileType = sourcecode.c.objc; path = BORasterParameters.m; sourceTree = "<group>"; };
		2DC17575F2563705146FCDE3 /* BOMapViewDelegate.m */ = {isa = PBXFileReference; fileEncoding = 4; lastKnownFileType = sourcecode.c.objc; path = BOMapViewDelegate.m; sourceTree = "<group>"; };
		2DC175964BBE3EE9EA8D3567 /* BORasterParameters.h */ = {isa = PBXFileReference; fileEncoding = 4; lastKnownFileType = sourcecode.c.h; path = BORasterParameters.h; sourceTree = "<group>"; };
		2DC176B2754BBDB3FF46FEFD /* BORasterElement.h */ = {isa = PBXFileReference; fileEncoding = 4; lastKnownFileType = sourcecode.c.h; path = BORasterElement.h; sourceTree = "<group>"; };
		2DC178B825D8FEBB89F98BBA /* BOStrokeOverlay.h */ = {isa = PBXFileReference; fileEncoding = 4; lastKnownFileType = sourcecode.c.h; path = BOStrokeOverlay.h; sourceTree = "<group>"; };
		2DC17955BCBA884F6404405D /* BORasterElement.m */ = {isa = PBXFileReference; fileEncoding = 4; lastKnownFileType = sourcecode.c.objc; path = BORasterElement.m; sourceTree = "<group>"; };
		2DC179B0A150B85A18C830B8 /* BOStroke.h */ = {isa = PBXFileReference; fileEncoding = 4; lastKnownFileType = sourcecode.c.h; path = BOStroke.h; sourceTree = "<group>"; };
		2DC17C3E42CF3BB87B38E8E1 /* BOStroke.m */ = {isa = PBXFileReference; fileEncoding = 4; lastKnownFileType = sourcecode.c.objc; path = BOStroke.m; sourceTree = "<group>"; };
		2DC17C57A5A5EC935398C47F /* BOMapViewDelegate.h */ = {isa = PBXFileReference; fileEncoding = 4; lastKnownFileType = sourcecode.c.h; path = BOMapViewDelegate.h; sourceTree = "<group>"; };
		2DC17E32863F470DB3125A2B /* BOJsonRpcClientDelegate.h */ = {isa = PBXFileReference; fileEncoding = 4; lastKnownFileType = sourcecode.c.h; path = BOJsonRpcClientDelegate.h; sourceTree = "<group>"; };
		2DC17F9B613B837A459A9F3D /* BOStrokeOverlayView.m */ = {isa = PBXFileReference; fileEncoding = 4; lastKnownFileType = sourcecode.c.objc; path = BOStrokeOverlayView.m; sourceTree = "<group>"; };
		A93B06331633001F007AB25A /* viewer.app */ = {isa = PBXFileReference; explicitFileType = wrapper.application; includeInIndex = 0; path = viewer.app; sourceTree = BUILT_PRODUCTS_DIR; };
		A93B06371633001F007AB25A /* UIKit.framework */ = {isa = PBXFileReference; lastKnownFileType = wrapper.framework; name = UIKit.framework; path = System/Library/Frameworks/UIKit.framework; sourceTree = SDKROOT; };
		A93B06391633001F007AB25A /* Foundation.framework */ = {isa = PBXFileReference; lastKnownFileType = wrapper.framework; name = Foundation.framework; path = System/Library/Frameworks/Foundation.framework; sourceTree = SDKROOT; };
		A93B063B1633001F007AB25A /* CoreGraphics.framework */ = {isa = PBXFileReference; lastKnownFileType = wrapper.framework; name = CoreGraphics.framework; path = System/Library/Frameworks/CoreGraphics.framework; sourceTree = SDKROOT; };
		A93B063F1633001F007AB25A /* viewer-Info.plist */ = {isa = PBXFileReference; lastKnownFileType = text.plist.xml; path = "viewer-Info.plist"; sourceTree = "<group>"; };
		A93B06411633001F007AB25A /* en */ = {isa = PBXFileReference; lastKnownFileType = text.plist.strings; name = en; path = en.lproj/InfoPlist.strings; sourceTree = "<group>"; };
		A93B06431633001F007AB25A /* main.m */ = {isa = PBXFileReference; lastKnownFileType = sourcecode.c.objc; path = main.m; sourceTree = "<group>"; };
		A93B06451633001F007AB25A /* viewer-Prefix.pch */ = {isa = PBXFileReference; lastKnownFileType = sourcecode.c.h; path = "viewer-Prefix.pch"; sourceTree = "<group>"; };
		A93B06461633001F007AB25A /* BOAppDelegate.h */ = {isa = PBXFileReference; lastKnownFileType = sourcecode.c.h; path = BOAppDelegate.h; sourceTree = "<group>"; };
		A93B06471633001F007AB25A /* BOAppDelegate.m */ = {isa = PBXFileReference; lastKnownFileType = sourcecode.c.objc; path = BOAppDelegate.m; sourceTree = "<group>"; };
		A93B06491633001F007AB25A /* Default.png */ = {isa = PBXFileReference; lastKnownFileType = image.png; path = Default.png; sourceTree = "<group>"; };
		A93B064B1633001F007AB25A /* Default@2x.png */ = {isa = PBXFileReference; lastKnownFileType = image.png; path = "Default@2x.png"; sourceTree = "<group>"; };
		A93B064D1633001F007AB25A /* Default-568h@2x.png */ = {isa = PBXFileReference; lastKnownFileType = image.png; path = "Default-568h@2x.png"; sourceTree = "<group>"; };
		A93B06541633001F007AB25A /* viewerTests.octest */ = {isa = PBXFileReference; explicitFileType = wrapper.cfbundle; includeInIndex = 0; path = viewerTests.octest; sourceTree = BUILT_PRODUCTS_DIR; };
		A93B06551633001F007AB25A /* SenTestingKit.framework */ = {isa = PBXFileReference; lastKnownFileType = wrapper.framework; name = SenTestingKit.framework; path = Library/Frameworks/SenTestingKit.framework; sourceTree = DEVELOPER_DIR; };
		A93B065D1633001F007AB25A /* viewerTests-Info.plist */ = {isa = PBXFileReference; lastKnownFileType = text.plist.xml; path = "viewerTests-Info.plist"; sourceTree = "<group>"; };
		A93B065F1633001F007AB25A /* en */ = {isa = PBXFileReference; lastKnownFileType = text.plist.strings; name = en; path = en.lproj/InfoPlist.strings; sourceTree = "<group>"; };
		A93B06611633001F007AB25A /* viewerTests.h */ = {isa = PBXFileReference; lastKnownFileType = sourcecode.c.h; path = viewerTests.h; sourceTree = "<group>"; };
		A93B06621633001F007AB25A /* viewerTests.m */ = {isa = PBXFileReference; lastKnownFileType = sourcecode.c.objc; path = viewerTests.m; sourceTree = "<group>"; };
		A93B066C1633018C007AB25A /* MapKit.framework */ = {isa = PBXFileReference; lastKnownFileType = wrapper.framework; name = MapKit.framework; path = System/Library/Frameworks/MapKit.framework; sourceTree = SDKROOT; };
		A93B066E16330195007AB25A /* CoreLocation.framework */ = {isa = PBXFileReference; lastKnownFileType = wrapper.framework; name = CoreLocation.framework; path = System/Library/Frameworks/CoreLocation.framework; sourceTree = SDKROOT; };
		A95CBB6C1634838D0052BE53 /* Viewer.storyboard */ = {isa = PBXFileReference; fileEncoding = 4; lastKnownFileType = file.storyboard; path = Viewer.storyboard; sourceTree = "<group>"; };
		A95CBBBB1634871A0052BE53 /* BOViewController.h */ = {isa = PBXFileReference; fileEncoding = 4; lastKnownFileType = sourcecode.c.h; path = BOViewController.h; sourceTree = "<group>"; };
		A95CBBBC1634871A0052BE53 /* BOViewController.m */ = {isa = PBXFileReference; fileEncoding = 4; lastKnownFileType = sourcecode.c.objc; path = BOViewController.m; sourceTree = "<group>"; };
		A9EBEDC31637E16800EB1167 /* BOJsonRpcClient.h */ = {isa = PBXFileReference; fileEncoding = 4; lastKnownFileType = sourcecode.c.h; path = BOJsonRpcClient.h; sourceTree = "<group>"; };
		A9EBEDC41637E16800EB1167 /* BOJsonRpcClient.m */ = {isa = PBXFileReference; fileEncoding = 4; lastKnownFileType = sourcecode.c.objc; path = BOJsonRpcClient.m; sourceTree = "<group>"; };
/* End PBXFileReference section */

/* Begin PBXFrameworksBuildPhase section */
		A93B06301633001F007AB25A /* Frameworks */ = {
			isa = PBXFrameworksBuildPhase;
			buildActionMask = 2147483647;
			files = (
				A93B066F16330195007AB25A /* CoreLocation.framework in Frameworks */,
				A93B066D1633018C007AB25A /* MapKit.framework in Frameworks */,
				A93B06381633001F007AB25A /* UIKit.framework in Frameworks */,
				A93B063A1633001F007AB25A /* Foundation.framework in Frameworks */,
				A93B063C1633001F007AB25A /* CoreGraphics.framework in Frameworks */,
			);
			runOnlyForDeploymentPostprocessing = 0;
		};
		A93B06501633001F007AB25A /* Frameworks */ = {
			isa = PBXFrameworksBuildPhase;
			buildActionMask = 2147483647;
			files = (
				A93B06561633001F007AB25A /* SenTestingKit.framework in Frameworks */,
				A93B06571633001F007AB25A /* UIKit.framework in Frameworks */,
				A93B06581633001F007AB25A /* Foundation.framework in Frameworks */,
			);
			runOnlyForDeploymentPostprocessing = 0;
		};
/* End PBXFrameworksBuildPhase section */

/* Begin PBXGroup section */
		2DC175124C1B4E935A7F0915 /* overlay */ = {
			isa = PBXGroup;
			children = (
				2DC171E3DC267CD20277D13C /* BOStrokeOverlay.m */,
				2DC178B825D8FEBB89F98BBA /* BOStrokeOverlay.h */,
			);
			path = overlay;
			sourceTree = "<group>";
		};
		2DC17A17BF3C2712370D8E93 /* view */ = {
			isa = PBXGroup;
			children = (
				2DC17F9B613B837A459A9F3D /* BOStrokeOverlayView.m */,
				2DC171F62D565F93264D4D1A /* BOStrokeOverlayView.h */,
			);
			path = view;
			sourceTree = "<group>";
		};
		2DC17A426F77C49AEBB5A703 /* data */ = {
			isa = PBXGroup;
			children = (
				2DC1737B70A1D333520E7F63 /* BORasterParameters.m */,
				2DC175964BBE3EE9EA8D3567 /* BORasterParameters.h */,
				2DC17C3E42CF3BB87B38E8E1 /* BOStroke.m */,
				2DC179B0A150B85A18C830B8 /* BOStroke.h */,
				2DC17955BCBA884F6404405D /* BORasterElement.m */,
				2DC176B2754BBDB3FF46FEFD /* BORasterElement.h */,
			);
			path = data;
			sourceTree = "<group>";
		};
		2DC17B17C0451E6DF358CDBE /* mapview */ = {
			isa = PBXGroup;
			children = (
				2DC175124C1B4E935A7F0915 /* overlay */,
				2DC17A17BF3C2712370D8E93 /* view */,
				2DC17575F2563705146FCDE3 /* BOMapViewDelegate.m */,
				2DC17C57A5A5EC935398C47F /* BOMapViewDelegate.h */,
			);
			path = mapview;
			sourceTree = "<group>";
		};
		A93B06281633001F007AB25A = {
			isa = PBXGroup;
			children = (
				A93B066E16330195007AB25A /* CoreLocation.framework */,
				A93B066C1633018C007AB25A /* MapKit.framework */,
				A93B063D1633001F007AB25A /* viewer */,
				A93B065B1633001F007AB25A /* viewerTests */,
				A93B06361633001F007AB25A /* Frameworks */,
				A93B06341633001F007AB25A /* Products */,
			);
			sourceTree = "<group>";
		};
		A93B06341633001F007AB25A /* Products */ = {
			isa = PBXGroup;
			children = (
				A93B06331633001F007AB25A /* viewer.app */,
				A93B06541633001F007AB25A /* viewerTests.octest */,
			);
			name = Products;
			sourceTree = "<group>";
		};
		A93B06361633001F007AB25A /* Frameworks */ = {
			isa = PBXGroup;
			children = (
				A93B06371633001F007AB25A /* UIKit.framework */,
				A93B06391633001F007AB25A /* Foundation.framework */,
				A93B063B1633001F007AB25A /* CoreGraphics.framework */,
				A93B06551633001F007AB25A /* SenTestingKit.framework */,
			);
			name = Frameworks;
			sourceTree = "<group>";
		};
		A93B063D1633001F007AB25A /* viewer */ = {
			isa = PBXGroup;
			children = (
				A9EBEDC11637E12800EB1167 /* jsonrpc */,
				A93B06461633001F007AB25A /* BOAppDelegate.h */,
				A93B06471633001F007AB25A /* BOAppDelegate.m */,
				A93B063E1633001F007AB25A /* Supporting Files */,
				A95CBB6C1634838D0052BE53 /* Viewer.storyboard */,
				A95CBBBB1634871A0052BE53 /* BOViewController.h */,
				A95CBBBC1634871A0052BE53 /* BOViewController.m */,
				2DC17A426F77C49AEBB5A703 /* data */,
				2DC17B17C0451E6DF358CDBE /* mapview */,
			);
			path = viewer;
			sourceTree = "<group>";
		};
		A93B063E1633001F007AB25A /* Supporting Files */ = {
			isa = PBXGroup;
			children = (
				A93B063F1633001F007AB25A /* viewer-Info.plist */,
				A93B06401633001F007AB25A /* InfoPlist.strings */,
				A93B06431633001F007AB25A /* main.m */,
				A93B06451633001F007AB25A /* viewer-Prefix.pch */,
				A93B06491633001F007AB25A /* Default.png */,
				A93B064B1633001F007AB25A /* Default@2x.png */,
				A93B064D1633001F007AB25A /* Default-568h@2x.png */,
			);
			name = "Supporting Files";
			sourceTree = "<group>";
		};
		A93B065B1633001F007AB25A /* viewerTests */ = {
			isa = PBXGroup;
			children = (
				A93B06611633001F007AB25A /* viewerTests.h */,
				A93B06621633001F007AB25A /* viewerTests.m */,
				A93B065C1633001F007AB25A /* Supporting Files */,
			);
			path = viewerTests;
			sourceTree = "<group>";
		};
		A93B065C1633001F007AB25A /* Supporting Files */ = {
			isa = PBXGroup;
			children = (
				A93B065D1633001F007AB25A /* viewerTests-Info.plist */,
				A93B065E1633001F007AB25A /* InfoPlist.strings */,
			);
			name = "Supporting Files";
			sourceTree = "<group>";
		};
		A9EBEDC11637E12800EB1167 /* jsonrpc */ = {
			isa = PBXGroup;
			children = (
				A9EBEDC31637E16800EB1167 /* BOJsonRpcClient.h */,
				A9EBEDC41637E16800EB1167 /* BOJsonRpcClient.m */,
				2DC17E32863F470DB3125A2B /* BOJsonRpcClientDelegate.h */,
			);
			name = jsonrpc;
			sourceTree = "<group>";
		};
/* End PBXGroup section */

/* Begin PBXNativeTarget section */
		A93B06321633001F007AB25A /* viewer */ = {
			isa = PBXNativeTarget;
			buildConfigurationList = A93B06661633001F007AB25A /* Build configuration list for PBXNativeTarget "viewer" */;
			buildPhases = (
				A93B062F1633001F007AB25A /* Sources */,
				A93B06301633001F007AB25A /* Frameworks */,
				A93B06311633001F007AB25A /* Resources */,
			);
			buildRules = (
			);
			dependencies = (
			);
			name = viewer;
			productName = viewer;
			productReference = A93B06331633001F007AB25A /* viewer.app */;
			productType = "com.apple.product-type.application";
		};
		A93B06531633001F007AB25A /* viewerTests */ = {
			isa = PBXNativeTarget;
			buildConfigurationList = A93B06691633001F007AB25A /* Build configuration list for PBXNativeTarget "viewerTests" */;
			buildPhases = (
				A93B064F1633001F007AB25A /* Sources */,
				A93B06501633001F007AB25A /* Frameworks */,
				A93B06511633001F007AB25A /* Resources */,
				A93B06521633001F007AB25A /* ShellScript */,
			);
			buildRules = (
			);
			dependencies = (
				A93B065A1633001F007AB25A /* PBXTargetDependency */,
			);
			name = viewerTests;
			productName = viewerTests;
			productReference = A93B06541633001F007AB25A /* viewerTests.octest */;
			productType = "com.apple.product-type.bundle";
		};
/* End PBXNativeTarget section */

/* Begin PBXProject section */
		A93B062A1633001F007AB25A /* Project object */ = {
			isa = PBXProject;
			attributes = {
				CLASSPREFIX = Bo;
				LastUpgradeCheck = 0450;
				ORGANIZATIONNAME = "Andreas Würl";
			};
			buildConfigurationList = A93B062D1633001F007AB25A /* Build configuration list for PBXProject "viewer" */;
			compatibilityVersion = "Xcode 3.2";
			developmentRegion = English;
			hasScannedForEncodings = 0;
			knownRegions = (
				en,
			);
			mainGroup = A93B06281633001F007AB25A;
			productRefGroup = A93B06341633001F007AB25A /* Products */;
			projectDirPath = "";
			projectRoot = "";
			targets = (
				A93B06321633001F007AB25A /* viewer */,
				A93B06531633001F007AB25A /* viewerTests */,
			);
		};
/* End PBXProject section */

/* Begin PBXResourcesBuildPhase section */
		A93B06311633001F007AB25A /* Resources */ = {
			isa = PBXResourcesBuildPhase;
			buildActionMask = 2147483647;
			files = (
				A93B06421633001F007AB25A /* InfoPlist.strings in Resources */,
				A93B064A1633001F007AB25A /* Default.png in Resources */,
				A93B064C1633001F007AB25A /* Default@2x.png in Resources */,
				A93B064E1633001F007AB25A /* Default-568h@2x.png in Resources */,
				A95CBB6D1634838D0052BE53 /* Viewer.storyboard in Resources */,
			);
			runOnlyForDeploymentPostprocessing = 0;
		};
		A93B06511633001F007AB25A /* Resources */ = {
			isa = PBXResourcesBuildPhase;
			buildActionMask = 2147483647;
			files = (
				A93B06601633001F007AB25A /* InfoPlist.strings in Resources */,
			);
			runOnlyForDeploymentPostprocessing = 0;
		};
/* End PBXResourcesBuildPhase section */

/* Begin PBXShellScriptBuildPhase section */
		A93B06521633001F007AB25A /* ShellScript */ = {
			isa = PBXShellScriptBuildPhase;
			buildActionMask = 2147483647;
			files = (
			);
			inputPaths = (
			);
			outputPaths = (
			);
			runOnlyForDeploymentPostprocessing = 0;
			shellPath = /bin/sh;
			shellScript = "# Run the unit tests in this test bundle.\n\"${SYSTEM_DEVELOPER_DIR}/Tools/RunUnitTests\"\n";
		};
/* End PBXShellScriptBuildPhase section */

/* Begin PBXSourcesBuildPhase section */
		A93B062F1633001F007AB25A /* Sources */ = {
			isa = PBXSourcesBuildPhase;
			buildActionMask = 2147483647;
			files = (
				A93B06441633001F007AB25A /* main.m in Sources */,
				A93B06481633001F007AB25A /* BOAppDelegate.m in Sources */,
				A95CBBBD1634871A0052BE53 /* BOViewController.m in Sources */,
				A9EBEDC51637E16800EB1167 /* BOJsonRpcClient.m in Sources */,
				2DC17B66D89B0D99EED13F9E /* BORasterParameters.m in Sources */,
				2DC17A11375AA373AABAFB19 /* BOStroke.m in Sources */,
				2DC1723A22D9DA350B883C40 /* BORasterElement.m in Sources */,
				2DC1740EC4393DC5369640BD /* BOStrokeOverlay.m in Sources */,
				2DC17028720FEEC25ABF1EBF /* BOStrokeOverlayView.m in Sources */,
				2DC17E73677F602B7CC519D3 /* BOMapViewDelegate.m in Sources */,
			);
			runOnlyForDeploymentPostprocessing = 0;
		};
		A93B064F1633001F007AB25A /* Sources */ = {
			isa = PBXSourcesBuildPhase;
			buildActionMask = 2147483647;
			files = (
				A93B06631633001F007AB25A /* viewerTests.m in Sources */,
			);
			runOnlyForDeploymentPostprocessing = 0;
		};
/* End PBXSourcesBuildPhase section */

/* Begin PBXTargetDependency section */
		A93B065A1633001F007AB25A /* PBXTargetDependency */ = {
			isa = PBXTargetDependency;
			target = A93B06321633001F007AB25A /* viewer */;
			targetProxy = A93B06591633001F007AB25A /* PBXContainerItemProxy */;
		};
/* End PBXTargetDependency section */

/* Begin PBXVariantGroup section */
		A93B06401633001F007AB25A /* InfoPlist.strings */ = {
			isa = PBXVariantGroup;
			children = (
				A93B06411633001F007AB25A /* en */,
			);
			name = InfoPlist.strings;
			sourceTree = "<group>";
		};
		A93B065E1633001F007AB25A /* InfoPlist.strings */ = {
			isa = PBXVariantGroup;
			children = (
				A93B065F1633001F007AB25A /* en */,
			);
			name = InfoPlist.strings;
			sourceTree = "<group>";
		};
/* End PBXVariantGroup section */

/* Begin XCBuildConfiguration section */
		A93B06641633001F007AB25A /* Debug */ = {
			isa = XCBuildConfiguration;
			buildSettings = {
				ALWAYS_SEARCH_USER_PATHS = NO;
				CLANG_CXX_LANGUAGE_STANDARD = "gnu++0x";
				CLANG_CXX_LIBRARY = "libc++";
				CLANG_ENABLE_OBJC_ARC = YES;
				CLANG_WARN_EMPTY_BODY = YES;
				CLANG_WARN__DUPLICATE_METHOD_MATCH = YES;
				"CODE_SIGN_IDENTITY[sdk=iphoneos*]" = "iPhone Developer";
				COPY_PHASE_STRIP = NO;
				GCC_C_LANGUAGE_STANDARD = gnu99;
				GCC_DYNAMIC_NO_PIC = NO;
				GCC_OPTIMIZATION_LEVEL = 0;
				GCC_PREPROCESSOR_DEFINITIONS = (
					"DEBUG=1",
					"$(inherited)",
				);
				GCC_SYMBOLS_PRIVATE_EXTERN = NO;
				GCC_WARN_ABOUT_RETURN_TYPE = YES;
				GCC_WARN_UNINITIALIZED_AUTOS = YES;
				GCC_WARN_UNUSED_VARIABLE = YES;
				IPHONEOS_DEPLOYMENT_TARGET = 6.0;
				ONLY_ACTIVE_ARCH = YES;
				SDKROOT = iphoneos;
				TARGETED_DEVICE_FAMILY = "1,2";
			};
			name = Debug;
		};
		A93B06651633001F007AB25A /* Release */ = {
			isa = XCBuildConfiguration;
			buildSettings = {
				ALWAYS_SEARCH_USER_PATHS = NO;
				CLANG_CXX_LANGUAGE_STANDARD = "gnu++0x";
				CLANG_CXX_LIBRARY = "libc++";
				CLANG_ENABLE_OBJC_ARC = YES;
				CLANG_WARN_EMPTY_BODY = YES;
				CLANG_WARN__DUPLICATE_METHOD_MATCH = YES;
				"CODE_SIGN_IDENTITY[sdk=iphoneos*]" = "iPhone Developer";
				COPY_PHASE_STRIP = YES;
				GCC_C_LANGUAGE_STANDARD = gnu99;
				GCC_WARN_ABOUT_RETURN_TYPE = YES;
				GCC_WARN_UNINITIALIZED_AUTOS = YES;
				GCC_WARN_UNUSED_VARIABLE = YES;
				IPHONEOS_DEPLOYMENT_TARGET = 6.0;
				OTHER_CFLAGS = "-DNS_BLOCK_ASSERTIONS=1";
				SDKROOT = iphoneos;
				TARGETED_DEVICE_FAMILY = "1,2";
				VALIDATE_PRODUCT = YES;
			};
			name = Release;
		};
		A93B06671633001F007AB25A /* Debug */ = {
			isa = XCBuildConfiguration;
			buildSettings = {
				GCC_PRECOMPILE_PREFIX_HEADER = YES;
				GCC_PREFIX_HEADER = "viewer/viewer-Prefix.pch";
				INFOPLIST_FILE = "viewer/viewer-Info.plist";
				PRODUCT_NAME = "$(TARGET_NAME)";
				WRAPPER_EXTENSION = app;
			};
			name = Debug;
		};
		A93B06681633001F007AB25A /* Release */ = {
			isa = XCBuildConfiguration;
			buildSettings = {
				GCC_PRECOMPILE_PREFIX_HEADER = YES;
				GCC_PREFIX_HEADER = "viewer/viewer-Prefix.pch";
				INFOPLIST_FILE = "viewer/viewer-Info.plist";
				PRODUCT_NAME = "$(TARGET_NAME)";
				WRAPPER_EXTENSION = app;
			};
			name = Release;
		};
		A93B066A1633001F007AB25A /* Debug */ = {
			isa = XCBuildConfiguration;
			buildSettings = {
				BUNDLE_LOADER = "$(BUILT_PRODUCTS_DIR)/viewer.app/viewer";
				FRAMEWORK_SEARCH_PATHS = (
					"\"$(SDKROOT)/Developer/Library/Frameworks\"",
					"\"$(DEVELOPER_LIBRARY_DIR)/Frameworks\"",
				);
				GCC_PRECOMPILE_PREFIX_HEADER = YES;
				GCC_PREFIX_HEADER = "viewer/viewer-Prefix.pch";
				INFOPLIST_FILE = "viewerTests/viewerTests-Info.plist";
				PRODUCT_NAME = "$(TARGET_NAME)";
				TEST_HOST = "$(BUNDLE_LOADER)";
				WRAPPER_EXTENSION = octest;
			};
			name = Debug;
		};
		A93B066B1633001F007AB25A /* Release */ = {
			isa = XCBuildConfiguration;
			buildSettings = {
				BUNDLE_LOADER = "$(BUILT_PRODUCTS_DIR)/viewer.app/viewer";
				FRAMEWORK_SEARCH_PATHS = (
					"\"$(SDKROOT)/Developer/Library/Frameworks\"",
					"\"$(DEVELOPER_LIBRARY_DIR)/Frameworks\"",
				);
				GCC_PRECOMPILE_PREFIX_HEADER = YES;
				GCC_PREFIX_HEADER = "viewer/viewer-Prefix.pch";
				INFOPLIST_FILE = "viewerTests/viewerTests-Info.plist";
				PRODUCT_NAME = "$(TARGET_NAME)";
				TEST_HOST = "$(BUNDLE_LOADER)";
				WRAPPER_EXTENSION = octest;
			};
			name = Release;
		};
/* End XCBuildConfiguration section */

/* Begin XCConfigurationList section */
		A93B062D1633001F007AB25A /* Build configuration list for PBXProject "viewer" */ = {
			isa = XCConfigurationList;
			buildConfigurations = (
				A93B06641633001F007AB25A /* Debug */,
				A93B06651633001F007AB25A /* Release */,
			);
			defaultConfigurationIsVisible = 0;
			defaultConfigurationName = Release;
		};
		A93B06661633001F007AB25A /* Build configuration list for PBXNativeTarget "viewer" */ = {
			isa = XCConfigurationList;
			buildConfigurations = (
				A93B06671633001F007AB25A /* Debug */,
				A93B06681633001F007AB25A /* Release */,
			);
			defaultConfigurationIsVisible = 0;
			defaultConfigurationName = Release;
		};
		A93B06691633001F007AB25A /* Build configuration list for PBXNativeTarget "viewerTests" */ = {
			isa = XCConfigurationList;
			buildConfigurations = (
				A93B066A1633001F007AB25A /* Debug */,
				A93B066B1633001F007AB25A /* Release */,
			);
			defaultConfigurationIsVisible = 0;
			defaultConfigurationName = Release;
		};
/* End XCConfigurationList section */
	};
	rootObject = A93B062A1633001F007AB25A /* Project object */;
}
